
Microsoft Visual Studio Solution File, Format Version 12.00
# Visual Studio 15
VisualStudioVersion = 15.0.28307.1705
MinimumVisualStudioVersion = 10.0.40219.1
Project("{FAE04EC0-301F-11D3-BF4B-00C04F79EFBC}") = "SignalRMySQLQueue", "SignalRMySQLQueue\SignalRMySQLQueue.csproj", "{4C794416-1DDA-479E-86A3-ED58F615C0A9}"
EndProject
Global
	GlobalSection(SolutionConfigurationPlatforms) = preSolution
		Debug|Any CPU = Debug|Any CPU
		Release|Any CPU = Release|Any CPU
	EndGlobalSection
	GlobalSection(ProjectConfigurationPlatforms) = postSolution
		{4C794416-1DDA-479E-86A3-ED58F615C0A9}.Debug|Any CPU.ActiveCfg = Debug|Any CPU
		{4C794416-1DDA-479E-86A3-ED58F615C0A9}.Debug|Any CPU.Build.0 = Debug|Any CPU
		{4C794416-1DDA-479E-86A3-ED58F615C0A9}.Release|Any CPU.ActiveCfg = Release|Any CPU
		{4C794416-1DDA-479E-86A3-ED58F615C0A9}.Release|Any CPU.Build.0 = Release|Any CPU
	EndGlobalSection
	GlobalSection(SolutionProperties) = preSolution
		HideSolutionNode = FALSE
	EndGlobalSection
	GlobalSection(ExtensibilityGlobals) = postSolution
		SolutionGuid = {A4D51F91-6D14-4F36-8418-26D10B5E2CE1}
	EndGlobalSection
EndGlobal
